{
  "lockfileVersion": 1,
  "configVersion": 1,
  "workspaces": {
    "": {
      "name": "volter-public-agent-trial",
      "devDependencies": {
        "@types/bun": "^1.3.14",
        "@types/node": "^24.13.2",
        "typescript": "^5.9.3",
      },
    },
    "packages/core": {
      "name": "@open-autonomy/core",
      "version": "0.0.0",
    },
    "packages/substrate-github": {
      "name": "@open-autonomy/substrate-github",
      "version": "0.0.0",
      "dependencies": {
        "@open-autonomy/core": "workspace:*",
      },
    },
    "packages/substrate-local": {
      "name": "@open-autonomy/substrate-local",
      "version": "0.0.0",
      "dependencies": {
        "@open-autonomy/core": "workspace:*",
        "@open-autonomy/substrate-github": "workspace:*",
      },
    },
    "scripts": {
      "name": "@open-autonomy/agents",
      "version": "0.0.0",
      "bin": {
        "oa-agent-pm": "./agent-pm.ts",
        "oa-agent-reviewer": "./agent-reviewer.ts",
        "oa-agent-planner": "./agent-planner.ts",
        "oa-agent-strategist": "./agent-strategist.ts",
        "oa-agent-strategy-reviewer": "./agent-strategy-reviewer.ts",
        "oa-provision-model-endpoint": "./provision-model-endpoint.ts",
      },
    },
  },
  "packages": {
    "@open-autonomy/agents": ["@open-autonomy/agents@workspace:scripts"],

    "@open-autonomy/core": ["@open-autonomy/core@workspace:packages/core"],

    "@open-autonomy/substrate-github": ["@open-autonomy/substrate-github@workspace:packages/substrate-github"],

    "@open-autonomy/substrate-local": ["@open-autonomy/substrate-local@workspace:packages/substrate-local"],

    "@types/bun": ["@types/bun@1.3.14", "", { "dependencies": { "bun-types": "1.3.14" } }, "sha512-h1hFqFVcvAvD9j9K7ZW7vd82aSA+rTdznZa+5bwvCwqSB1jmmfLcbIWhOLx1/+boy/xmjgCs/OMUL8hRJSmnPw=="],

    "@types/node": ["@types/node@24.13.2", "", { "dependencies": { "undici-types": "~7.18.0" } }, "sha512-fRa09kZTgu8o71KFcDjUFuc7F+dEbZYZmkI0mg5YBTRs0yMKjYHsq/c0urDKeDb+D5qVgXOdFcuu+DZPKOITwA=="],

    "bun-types": ["bun-types@1.3.14", "", { "dependencies": { "@types/node": "*" } }, "sha512-4N0ig0fEomHt5R0KCFWjovxow98rIoRwKolrYdCcknNwMekCXRnWEUvgu5soYV8QXtVsrUD8B95MBOZGPvr6KQ=="],

    "typescript": ["typescript@5.9.3", "", { "bin": { "tsc": "bin/tsc", "tsserver": "bin/tsserver" } }, "sha512-jl1vZzPDinLr9eUt3J/t7V6FgNEw9QjvBPdysz9KfQDD41fQrC2Y4vKQdiaUpFT4bXlb1RHhLpp8wtm6M5TgSw=="],

    "undici-types": ["undici-types@7.18.2", "", {}, "sha512-AsuCzffGHJybSaRrmr5eHr81mwJU3kjw6M+uprWvCXiNeN9SOGwQ3Jn8jb8m3Z6izVgknn1R0FTCEAP2QrLY/w=="],
  }
}
